Microsoft Visual Studio Solution File, Format Version 12.00
# Visual Studio Version 17
VisualStudioVersion = 17.2.32516.85
MinimumVisualStudioVersion = 10.0.40219.1
Project("{9A19103F-16F7-4668-BE54-9A1E7A4F7556}") = "Scrabble", "src\Scrabble\Scrabble.csproj", "{B2F535A5-E015-4450-8874-BEE7E0140085}"
EndProject
Project("{9A19103F-16F7-4668-BE54-9A1E7A4F7556}") = "RockPaperScissors", "src\RockPaperScissors\RockPaperScissors.csproj", "{A3DA92BE-7A7C-478A-AEF1-2C62BF604F07}"
EndProject
Project("{9A19103F-16F7-4668-BE54-9A1E7A4F7556}") = "PlayGames", "src\PlayGames\PlayGames.csproj", "{FB250216-2533-48B6-88B7-654EF2ACA3B2}"
EndProject
Project("{9A19103F-16F7-4668-BE54-9A1E7A4F7556}") = "Scrabble.Tests", "tests\Scrabble.Tests\Scrabble.Tests.csproj", "{235EEA96-F6B8-4AB0-8F15-03333D9DF9F1}"
EndProject
Project("{2150E333-8FDC-42A3-9474-1A3956D46DE8}") = "Solution Items", "Solution Items", "{10A2494E-64AF-42FB-9A3E-2B9F92D78BE9}"
	ProjectSection(SolutionItems) = preProject
		.github\workflows\dotnet.yml = .github\workflows\dotnet.yml
		README.md = README.md
	EndProjectSection
EndProject
Project("{FAE04EC0-301F-11D3-BF4B-00C04F79EFBC}") = "RockPaperScissors.Tests", "tests\RockPaperScissors.Tests\RockPaperScissors.Tests.csproj", "{61D08E4A-18B1-4DB6-B352-470AF4B3907F}"
EndProject
Project("{2150E333-8FDC-42A3-9474-1A3956D46DE8}") = "src", "src", "{A6981F8D-00F0-49F2-BE3E-C63E9B93D8CA}"
EndProject
Project("{2150E333-8FDC-42A3-9474-1A3956D46DE8}") = "tests", "tests", "{5AE78F48-7D1C-4BDA-9492-24E8DCF13A66}"
EndProject
Global
	GlobalSection(SolutionConfigurationPlatforms) = preSolution
		Debug|Any CPU = Debug|Any CPU
		Release|Any CPU = Release|Any CPU
	EndGlobalSection
	GlobalSection(ProjectConfigurationPlatforms) = postSolution
		{B2F535A5-E015-4450-8874-BEE7E0140085}.Debug|Any CPU.ActiveCfg = Debug|Any CPU
		{B2F535A5-E015-4450-8874-BEE7E0140085}.Debug|Any CPU.Build.0 = Debug|Any CPU
		{B2F535A5-E015-4450-8874-BEE7E0140085}.Release|Any CPU.ActiveCfg = Release|Any CPU
		{B2F535A5-E015-4450-8874-BEE7E0140085}.Release|Any CPU.Build.0 = Release|Any CPU
		{A3DA92BE-7A7C-478A-AEF1-2C62BF604F07}.Debug|Any CPU.ActiveCfg = Debug|Any CPU
		{A3DA92BE-7A7C-478A-AEF1-2C62BF604F07}.Debug|Any CPU.Build.0 = Debug|Any CPU
		{A3DA92BE-7A7C-478A-AEF1-2C62BF604F07}.Release|Any CPU.ActiveCfg = Release|Any CPU
		{A3DA92BE-7A7C-478A-AEF1-2C62BF604F07}.Release|Any CPU.Build.0 = Release|Any CPU
		{FB250216-2533-48B6-88B7-654EF2ACA3B2}.Debug|Any CPU.ActiveCfg = Debug|Any CPU
		{FB250216-2533-48B6-88B7-654EF2ACA3B2}.Debug|Any CPU.Build.0 = Debug|Any CPU
		{FB250216-2533-48B6-88B7-654EF2ACA3B2}.Release|Any CPU.ActiveCfg = Release|Any CPU
		{FB250216-2533-48B6-88B7-654EF2ACA3B2}.Release|Any CPU.Build.0 = Release|Any CPU
		{235EEA96-F6B8-4AB0-8F15-03333D9DF9F1}.Debug|Any CPU.ActiveCfg = Debug|Any CPU
		{235EEA96-F6B8-4AB0-8F15-03333D9DF9F1}.Debug|Any CPU.Build.0 = Debug|Any CPU
		{235EEA96-F6B8-4AB0-8F15-03333D9DF9F1}.Release|Any CPU.ActiveCfg = Release|Any CPU
		{235EEA96-F6B8-4AB0-8F15-03333D9DF9F1}.Release|Any CPU.Build.0 = Release|Any CPU
		{61D08E4A-18B1-4DB6-B352-470AF4B3907F}.Debug|Any CPU.ActiveCfg = Debug|Any CPU
		{61D08E4A-18B1-4DB6-B352-470AF4B3907F}.Debug|Any CPU.Build.0 = Debug|Any CPU
		{61D08E4A-18B1-4DB6-B352-470AF4B3907F}.Release|Any CPU.ActiveCfg = Release|Any CPU
		{61D08E4A-18B1-4DB6-B352-470AF4B3907F}.Release|Any CPU.Build.0 = Release|Any CPU
	EndGlobalSection
	GlobalSection(SolutionProperties) = preSolution
		HideSolutionNode = FALSE
	EndGlobalSection
	GlobalSection(ExtensibilityGlobals) = postSolution
		SolutionGuid = {B8384EBF-D921-41BD-A43E-DAAF6CB68C00}
	EndGlobalSection
	GlobalSection(NestedProjects) = preSolution
		{61D08E4A-18B1-4DB6-B352-470AF4B3907F} = {5AE78F48-7D1C-4BDA-9492-24E8DCF13A66}
		{235EEA96-F6B8-4AB0-8F15-03333D9DF9F1} = {5AE78F48-7D1C-4BDA-9492-24E8DCF13A66}
		{A3DA92BE-7A7C-478A-AEF1-2C62BF604F07} = {A6981F8D-00F0-49F2-BE3E-C63E9B93D8CA}
		{FB250216-2533-48B6-88B7-654EF2ACA3B2} = {A6981F8D-00F0-49F2-BE3E-C63E9B93D8CA}
		{B2F535A5-E015-4450-8874-BEE7E0140085} = {A6981F8D-00F0-49F2-BE3E-C63E9B93D8CA}
	EndGlobalSection
EndGlobal
