
Microsoft Visual Studio Solution File, Format Version 12.00
# Visual Studio 15
Project("{FAE04EC0-301F-11D3-BF4B-00C04F79EFBC}") = "ScrabbleScore", "ScrabbleScore\ScrabbleScore.csproj", "{B2F535A5-E015-4450-8874-BEE7E0140085}"
EndProject
Project("{FAE04EC0-301F-11D3-BF4B-00C04F79EFBC}") = "RockPaperScissors", "RockPaperScissors\RockPaperScissors.csproj", "{A3DA92BE-7A7C-478A-AEF1-2C62BF604F07}"
EndProject
Project("{FAE04EC0-301F-11D3-BF4B-00C04F79EFBC}") = "PlayGames", "PlayGames\PlayGames.csproj", "{FB250216-2533-48B6-88B7-654EF2ACA3B2}"
EndProject
Project("{FAE04EC0-301F-11D3-BF4B-00C04F79EFBC}") = "ScrabbleScore.Tests", "ScrabbleScore.Tests\ScrabbleScore.Tests.csproj", "{235EEA96-F6B8-4AB0-8F15-03333D9DF9F1}"
EndProject
Project("{2150E333-8FDC-42A3-9474-1A3956D46DE8}") = "Solution Items", "Solution Items", "{10A2494E-64AF-42FB-9A3E-2B9F92D78BE9}"
	ProjectSection(SolutionItems) = preProject
		.github\workflows\dotnet.yml = .github\workflows\dotnet.yml
	EndProjectSection
EndProject
Global
	GlobalSection(SolutionConfigurationPlatforms) = preSolution
		Debug|Any CPU = Debug|Any CPU
		Release|Any CPU = Release|Any CPU
	EndGlobalSection
	GlobalSection(ProjectConfigurationPlatforms) = postSolution
		{B2F535A5-E015-4450-8874-BEE7E0140085}.Debug|Any CPU.ActiveCfg = Debug|Any CPU
		{B2F535A5-E015-4450-8874-BEE7E0140085}.Debug|Any CPU.Build.0 = Debug|Any CPU
		{B2F535A5-E015-4450-8874-BEE7E0140085}.Release|Any CPU.ActiveCfg = Release|Any CPU
		{B2F535A5-E015-4450-8874-BEE7E0140085}.Release|Any CPU.Build.0 = Release|Any CPU
		{A3DA92BE-7A7C-478A-AEF1-2C62BF604F07}.Debug|Any CPU.ActiveCfg = Debug|Any CPU
		{A3DA92BE-7A7C-478A-AEF1-2C62BF604F07}.Debug|Any CPU.Build.0 = Debug|Any CPU
		{A3DA92BE-7A7C-478A-AEF1-2C62BF604F07}.Release|Any CPU.ActiveCfg = Release|Any CPU
		{A3DA92BE-7A7C-478A-AEF1-2C62BF604F07}.Release|Any CPU.Build.0 = Release|Any CPU
		{FB250216-2533-48B6-88B7-654EF2ACA3B2}.Debug|Any CPU.ActiveCfg = Debug|Any CPU
		{FB250216-2533-48B6-88B7-654EF2ACA3B2}.Debug|Any CPU.Build.0 = Debug|Any CPU
		{FB250216-2533-48B6-88B7-654EF2ACA3B2}.Release|Any CPU.ActiveCfg = Release|Any CPU
		{FB250216-2533-48B6-88B7-654EF2ACA3B2}.Release|Any CPU.Build.0 = Release|Any CPU
		{235EEA96-F6B8-4AB0-8F15-03333D9DF9F1}.Debug|Any CPU.ActiveCfg = Debug|Any CPU
		{235EEA96-F6B8-4AB0-8F15-03333D9DF9F1}.Debug|Any CPU.Build.0 = Debug|Any CPU
		{235EEA96-F6B8-4AB0-8F15-03333D9DF9F1}.Release|Any CPU.ActiveCfg = Release|Any CPU
		{235EEA96-F6B8-4AB0-8F15-03333D9DF9F1}.Release|Any CPU.Build.0 = Release|Any CPU
	EndGlobalSection
EndGlobal
